
Microsoft Visual Studio Solution File, Format Version 12.00
# Visual Studio Version 16
VisualStudioVersion = 16.0.31205.134
MinimumVisualStudioVersion = 10.0.40219.1
Project("{FAE04EC0-301F-11D3-BF4B-00C04F79EFBC}") = "Business", "Business\Business.csproj", "{074CF539-1DD6-46BA-A6E7-5838D5D34EF9}"
EndProject
Project("{FAE04EC0-301F-11D3-BF4B-00C04F79EFBC}") = "DataAccess", "DataAccess\DataAccess.csproj", "{19954882-E62E-44A9-89E4-6E67B46BCD7C}"
EndProject
Project("{FAE04EC0-301F-11D3-BF4B-00C04F79EFBC}") = "MvcWebUI", "MvcWebUI\MvcWebUI.csproj", "{6B910745-10B4-4313-AD69-C6E081F360B0}"
EndProject
Project("{9A19103F-16F7-4668-BE54-9A1E7A4F7556}") = "Etities", "Etities\Etities.csproj", "{C8325D86-5D1B-4C12-9ABD-6541BB9EC0E2}"
EndProject
Project("{9A19103F-16F7-4668-BE54-9A1E7A4F7556}") = "Core", "Core\Core.csproj", "{A43047DA-2081-483A-89DC-5C5606AB10C5}"
EndProject
Global
	GlobalSection(SolutionConfigurationPlatforms) = preSolution
		Debug|Any CPU = Debug|Any CPU
		Release|Any CPU = Release|Any CPU
	EndGlobalSection
	GlobalSection(ProjectConfigurationPlatforms) = postSolution
		{074CF539-1DD6-46BA-A6E7-5838D5D34EF9}.Debug|Any CPU.ActiveCfg = Debug|Any CPU
		{074CF539-1DD6-46BA-A6E7-5838D5D34EF9}.Debug|Any CPU.Build.0 = Debug|Any CPU
		{074CF539-1DD6-46BA-A6E7-5838D5D34EF9}.Release|Any CPU.ActiveCfg = Release|Any CPU
		{074CF539-1DD6-46BA-A6E7-5838D5D34EF9}.Release|Any CPU.Build.0 = Release|Any CPU
		{19954882-E62E-44A9-89E4-6E67B46BCD7C}.Debug|Any CPU.ActiveCfg = Debug|Any CPU
		{19954882-E62E-44A9-89E4-6E67B46BCD7C}.Debug|Any CPU.Build.0 = Debug|Any CPU
		{19954882-E62E-44A9-89E4-6E67B46BCD7C}.Release|Any CPU.ActiveCfg = Release|Any CPU
		{19954882-E62E-44A9-89E4-6E67B46BCD7C}.Release|Any CPU.Build.0 = Release|Any CPU
		{6B910745-10B4-4313-AD69-C6E081F360B0}.Debug|Any CPU.ActiveCfg = Debug|Any CPU
		{6B910745-10B4-4313-AD69-C6E081F360B0}.Debug|Any CPU.Build.0 = Debug|Any CPU
		{6B910745-10B4-4313-AD69-C6E081F360B0}.Release|Any CPU.ActiveCfg = Release|Any CPU
		{6B910745-10B4-4313-AD69-C6E081F360B0}.Release|Any CPU.Build.0 = Release|Any CPU
		{C8325D86-5D1B-4C12-9ABD-6541BB9EC0E2}.Debug|Any CPU.ActiveCfg = Debug|Any CPU
		{C8325D86-5D1B-4C12-9ABD-6541BB9EC0E2}.Debug|Any CPU.Build.0 = Debug|Any CPU
		{C8325D86-5D1B-4C12-9ABD-6541BB9EC0E2}.Release|Any CPU.ActiveCfg = Release|Any CPU
		{C8325D86-5D1B-4C12-9ABD-6541BB9EC0E2}.Release|Any CPU.Build.0 = Release|Any CPU
		{A43047DA-2081-483A-89DC-5C5606AB10C5}.Debug|Any CPU.ActiveCfg = Debug|Any CPU
		{A43047DA-2081-483A-89DC-5C5606AB10C5}.Debug|Any CPU.Build.0 = Debug|Any CPU
		{A43047DA-2081-483A-89DC-5C5606AB10C5}.Release|Any CPU.ActiveCfg = Release|Any CPU
		{A43047DA-2081-483A-89DC-5C5606AB10C5}.Release|Any CPU.Build.0 = Release|Any CPU
	EndGlobalSection
	GlobalSection(SolutionProperties) = preSolution
		HideSolutionNode = FALSE
	EndGlobalSection
	GlobalSection(ExtensibilityGlobals) = postSolution
		SolutionGuid = {16F656FD-FFB1-4DBA-A0D3-84260E13B0CB}
	EndGlobalSection
EndGlobal
